// !$*UTF8*$!
{
	archiveVersion = 1;
	classes = {
	};
	objectVersion = 56;
	objects = {

/* Begin PBXBuildFile section */
		A69AB27B2CA758C000FBB803 /* SnapKit in Frameworks */ = {isa = PBXBuildFile; productRef = A69AB27A2CA758C000FBB803 /* SnapKit */; };
		A6B1C71D2CA722D10081FDC2 /* AppDelegate.swift in Sources */ = {isa = PBXBuildFile; fileRef = A6B1C71C2CA722D10081FDC2 /* AppDelegate.swift */; };
		A6B1C71F2CA722D10081FDC2 /* SceneDelegate.swift in Sources */ = {isa = PBXBuildFile; fileRef = A6B1C71E2CA722D10081FDC2 /* SceneDelegate.swift */; };
		A6B1C7212CA722D10081FDC2 /* TodoListViewController.swift in Sources */ = {isa = PBXBuildFile; fileRef = A6B1C7202CA722D10081FDC2 /* TodoListViewController.swift */; };
		A6B1C7272CA722D10081FDC2 /* todo.xcdatamodeld in Sources */ = {isa = PBXBuildFile; fileRef = A6B1C7252CA722D10081FDC2 /* todo.xcdatamodeld */; };
		A6B1C7292CA722D20081FDC2 /* Assets.xcassets in Resources */ = {isa = PBXBuildFile; fileRef = A6B1C7282CA722D20081FDC2 /* Assets.xcassets */; };
		A6B1C72C2CA722D20081FDC2 /* LaunchScreen.storyboard in Resources */ = {isa = PBXBuildFile; fileRef = A6B1C72A2CA722D20081FDC2 /* LaunchScreen.storyboard */; };
		A6B1C7372CA722D20081FDC2 /* todoTests.swift in Sources */ = {isa = PBXBuildFile; fileRef = A6B1C7362CA722D20081FDC2 /* todoTests.swift */; };
		A6B1C7412CA722D20081FDC2 /* todoUITests.swift in Sources */ = {isa = PBXBuildFile; fileRef = A6B1C7402CA722D20081FDC2 /* todoUITests.swift */; };
		A6B1C7432CA722D20081FDC2 /* todoUITestsLaunchTests.swift in Sources */ = {isa = PBXBuildFile; fileRef = A6B1C7422CA722D20081FDC2 /* todoUITestsLaunchTests.swift */; };
		A6B1C7512CA726880081FDC2 /* Moya in Frameworks */ = {isa = PBXBuildFile; productRef = A6B1C7502CA726880081FDC2 /* Moya */; };
		A6B1C7562CA727570081FDC2 /* APIProvider.swift in Sources */ = {isa = PBXBuildFile; fileRef = A6B1C7552CA727570081FDC2 /* APIProvider.swift */; };
		A6B1C75A2CA741470081FDC2 /* TodoListViewModel.swift in Sources */ = {isa = PBXBuildFile; fileRef = A6B1C7592CA741470081FDC2 /* TodoListViewModel.swift */; };
		A6B1C75E2CA741960081FDC2 /* todoListViewModelTests.swift in Sources */ = {isa = PBXBuildFile; fileRef = A6B1C75D2CA741960081FDC2 /* todoListViewModelTests.swift */; };
		A6B1C7602CA743AA0081FDC2 /* ResponseBody.swift in Sources */ = {isa = PBXBuildFile; fileRef = A6B1C75F2CA743AA0081FDC2 /* ResponseBody.swift */; };
		A6B1C7642CA74AAE0081FDC2 /* TodoListState.swift in Sources */ = {isa = PBXBuildFile; fileRef = A6B1C7632CA74AAE0081FDC2 /* TodoListState.swift */; };
		A6B1C7662CA74C900081FDC2 /* ProtocolDefinitions.swift in Sources */ = {isa = PBXBuildFile; fileRef = A6B1C7652CA74C900081FDC2 /* ProtocolDefinitions.swift */; };
		A6B1C76A2CA74D060081FDC2 /* MockTodoListState.swift in Sources */ = {isa = PBXBuildFile; fileRef = A6B1C7692CA74D060081FDC2 /* MockTodoListState.swift */; };
/* End PBXBuildFile section */

/* Begin PBXContainerItemProxy section */
		A6B1C7332CA722D20081FDC2 /* PBXContainerItemProxy */ = {
			isa = PBXContainerItemProxy;
			containerPortal = A6B1C7112CA722D10081FDC2 /* Project object */;
			proxyType = 1;
			remoteGlobalIDString = A6B1C7182CA722D10081FDC2;
			remoteInfo = todo;
		};
		A6B1C73D2CA722D20081FDC2 /* PBXContainerItemProxy */ = {
			isa = PBXContainerItemProxy;
			containerPortal = A6B1C7112CA722D10081FDC2 /* Project object */;
			proxyType = 1;
			remoteGlobalIDString = A6B1C7182CA722D10081FDC2;
			remoteInfo = todo;
		};
/* End PBXContainerItemProxy section */

/* Begin PBXFileReference section */
		A6B1C7192CA722D10081FDC2 /* todo.app */ = {isa = PBXFileReference; explicitFileType = wrapper.application; includeInIndex = 0; path = todo.app; sourceTree = BUILT_PRODUCTS_DIR; };
		A6B1C71C2CA722D10081FDC2 /* AppDelegate.swift */ = {isa = PBXFileReference; lastKnownFileType = sourcecode.swift; path = AppDelegate.swift; sourceTree = "<group>"; };
		A6B1C71E2CA722D10081FDC2 /* SceneDelegate.swift */ = {isa = PBXFileReference; lastKnownFileType = sourcecode.swift; path = SceneDelegate.swift; sourceTree = "<group>"; };
		A6B1C7202CA722D10081FDC2 /* TodoListViewController.swift */ = {isa = PBXFileReference; lastKnownFileType = sourcecode.swift; path = TodoListViewController.swift; sourceTree = "<group>"; };
		A6B1C7262CA722D10081FDC2 /* todo.xcdatamodel */ = {isa = PBXFileReference; lastKnownFileType = wrapper.xcdatamodel; path = todo.xcdatamodel; sourceTree = "<group>"; };
		A6B1C7282CA722D20081FDC2 /* Assets.xcassets */ = {isa = PBXFileReference; lastKnownFileType = folder.assetcatalog; path = Assets.xcassets; sourceTree = "<group>"; };
		A6B1C72B2CA722D20081FDC2 /* Base */ = {isa = PBXFileReference; lastKnownFileType = file.storyboard; name = Base; path = Base.lproj/LaunchScreen.storyboard; sourceTree = "<group>"; };
		A6B1C72D2CA722D20081FDC2 /* Info.plist */ = {isa = PBXFileReference; lastKnownFileType = text.plist.xml; path = Info.plist; sourceTree = "<group>"; };
		A6B1C7322CA722D20081FDC2 /* todoTests.xctest */ = {isa = PBXFileReference; explicitFileType = wrapper.cfbundle; includeInIndex = 0; path = todoTests.xctest; sourceTree = BUILT_PRODUCTS_DIR; };
		A6B1C7362CA722D20081FDC2 /* todoTests.swift */ = {isa = PBXFileReference; lastKnownFileType = sourcecode.swift; path = todoTests.swift; sourceTree = "<group>"; };
		A6B1C73C2CA722D20081FDC2 /* todoUITests.xctest */ = {isa = PBXFileReference; explicitFileType = wrapper.cfbundle; includeInIndex = 0; path = todoUITests.xctest; sourceTree = BUILT_PRODUCTS_DIR; };
		A6B1C7402CA722D20081FDC2 /* todoUITests.swift */ = {isa = PBXFileReference; lastKnownFileType = sourcecode.swift; path = todoUITests.swift; sourceTree = "<group>"; };
		A6B1C7422CA722D20081FDC2 /* todoUITestsLaunchTests.swift */ = {isa = PBXFileReference; lastKnownFileType = sourcecode.swift; path = todoUITestsLaunchTests.swift; sourceTree = "<group>"; };
		A6B1C7552CA727570081FDC2 /* APIProvider.swift */ = {isa = PBXFileReference; lastKnownFileType = sourcecode.swift; path = APIProvider.swift; sourceTree = "<group>"; };
		A6B1C7592CA741470081FDC2 /* TodoListViewModel.swift */ = {isa = PBXFileReference; lastKnownFileType = sourcecode.swift; path = TodoListViewModel.swift; sourceTree = "<group>"; };
		A6B1C75D2CA741960081FDC2 /* todoListViewModelTests.swift */ = {isa = PBXFileReference; lastKnownFileType = sourcecode.swift; path = todoListViewModelTests.swift; sourceTree = "<group>"; };
		A6B1C75F2CA743AA0081FDC2 /* ResponseBody.swift */ = {isa = PBXFileReference; lastKnownFileType = sourcecode.swift; path = ResponseBody.swift; sourceTree = "<group>"; };
		A6B1C7632CA74AAE0081FDC2 /* TodoListState.swift */ = {isa = PBXFileReference; lastKnownFileType = sourcecode.swift; path = TodoListState.swift; sourceTree = "<group>"; };
		A6B1C7652CA74C900081FDC2 /* ProtocolDefinitions.swift */ = {isa = PBXFileReference; lastKnownFileType = sourcecode.swift; path = ProtocolDefinitions.swift; sourceTree = "<group>"; };
		A6B1C7692CA74D060081FDC2 /* MockTodoListState.swift */ = {isa = PBXFileReference; lastKnownFileType = sourcecode.swift; path = MockTodoListState.swift; sourceTree = "<group>"; };
/* End PBXFileReference section */

/* Begin PBXFrameworksBuildPhase section */
		A6B1C7162CA722D10081FDC2 /* Frameworks */ = {
			isa = PBXFrameworksBuildPhase;
			buildActionMask = 2147483647;
			files = (
				A6B1C7512CA726880081FDC2 /* Moya in Frameworks */,
				A69AB27B2CA758C000FBB803 /* SnapKit in Frameworks */,
			);
			runOnlyForDeploymentPostprocessing = 0;
		};
		A6B1C72F2CA722D20081FDC2 /* Frameworks */ = {
			isa = PBXFrameworksBuildPhase;
			buildActionMask = 2147483647;
			files = (
			);
			runOnlyForDeploymentPostprocessing = 0;
		};
		A6B1C7392CA722D20081FDC2 /* Frameworks */ = {
			isa = PBXFrameworksBuildPhase;
			buildActionMask = 2147483647;
			files = (
			);
			runOnlyForDeploymentPostprocessing = 0;
		};
/* End PBXFrameworksBuildPhase section */

/* Begin PBXGroup section */
		A69AB2792CA758C000FBB803 /* Frameworks */ = {
			isa = PBXGroup;
			children = (
			);
			name = Frameworks;
			sourceTree = "<group>";
		};
		A6B1C7102CA722D10081FDC2 = {
			isa = PBXGroup;
			children = (
				A6B1C71B2CA722D10081FDC2 /* todo */,
				A6B1C7352CA722D20081FDC2 /* todoTests */,
				A6B1C73F2CA722D20081FDC2 /* todoUITests */,
				A6B1C71A2CA722D10081FDC2 /* Products */,
				A69AB2792CA758C000FBB803 /* Frameworks */,
			);
			sourceTree = "<group>";
		};
		A6B1C71A2CA722D10081FDC2 /* Products */ = {
			isa = PBXGroup;
			children = (
				A6B1C7192CA722D10081FDC2 /* todo.app */,
				A6B1C7322CA722D20081FDC2 /* todoTests.xctest */,
				A6B1C73C2CA722D20081FDC2 /* todoUITests.xctest */,
			);
			name = Products;
			sourceTree = "<group>";
		};
		A6B1C71B2CA722D10081FDC2 /* todo */ = {
			isa = PBXGroup;
			children = (
				A6B1C7532CA727450081FDC2 /* UI */,
				A6B1C7522CA727390081FDC2 /* Domain */,
				A6B1C71C2CA722D10081FDC2 /* AppDelegate.swift */,
				A6B1C71E2CA722D10081FDC2 /* SceneDelegate.swift */,
				A6B1C7282CA722D20081FDC2 /* Assets.xcassets */,
				A6B1C72A2CA722D20081FDC2 /* LaunchScreen.storyboard */,
				A6B1C72D2CA722D20081FDC2 /* Info.plist */,
				A6B1C7252CA722D10081FDC2 /* todo.xcdatamodeld */,
			);
			path = todo;
			sourceTree = "<group>";
		};
		A6B1C7352CA722D20081FDC2 /* todoTests */ = {
			isa = PBXGroup;
			children = (
				A6B1C7672CA74CF10081FDC2 /* Mocks */,
				A6B1C75C2CA7416B0081FDC2 /* UtilityTests */,
				A6B1C75B2CA741600081FDC2 /* ViewModelTests */,
			);
			path = todoTests;
			sourceTree = "<group>";
		};
		A6B1C73F2CA722D20081FDC2 /* todoUITests */ = {
			isa = PBXGroup;
			children = (
				A6B1C7402CA722D20081FDC2 /* todoUITests.swift */,
				A6B1C7422CA722D20081FDC2 /* todoUITestsLaunchTests.swift */,
			);
			path = todoUITests;
			sourceTree = "<group>";
		};
		A6B1C7522CA727390081FDC2 /* Domain */ = {
			isa = PBXGroup;
			children = (
				A6B1C7612CA74A9F0081FDC2 /* Services */,
				A6B1C7542CA7274A0081FDC2 /* Networking */,
				A6B1C7652CA74C900081FDC2 /* ProtocolDefinitions.swift */,
			);
			path = Domain;
			sourceTree = "<group>";
		};
		A6B1C7532CA727450081FDC2 /* UI */ = {
			isa = PBXGroup;
			children = (
				A6B1C7582CA7413B0081FDC2 /* ViewModels */,
				A6B1C7572CA741350081FDC2 /* ViewControllers */,
			);
			path = UI;
			sourceTree = "<group>";
		};
		A6B1C7542CA7274A0081FDC2 /* Networking */ = {
			isa = PBXGroup;
			children = (
				A6B1C7552CA727570081FDC2 /* APIProvider.swift */,
				A6B1C75F2CA743AA0081FDC2 /* ResponseBody.swift */,
			);
			path = Networking;
			sourceTree = "<group>";
		};
		A6B1C7572CA741350081FDC2 /* ViewControllers */ = {
			isa = PBXGroup;
			children = (
				A6B1C7202CA722D10081FDC2 /* TodoListViewController.swift */,
			);
			path = ViewControllers;
			sourceTree = "<group>";
		};
		A6B1C7582CA7413B0081FDC2 /* ViewModels */ = {
			isa = PBXGroup;
			children = (
				A6B1C7592CA741470081FDC2 /* TodoListViewModel.swift */,
			);
			path = ViewModels;
			sourceTree = "<group>";
		};
		A6B1C75B2CA741600081FDC2 /* ViewModelTests */ = {
			isa = PBXGroup;
			children = (
				A6B1C75D2CA741960081FDC2 /* todoListViewModelTests.swift */,
			);
			path = ViewModelTests;
			sourceTree = "<group>";
		};
		A6B1C75C2CA7416B0081FDC2 /* UtilityTests */ = {
			isa = PBXGroup;
			children = (
				A6B1C7362CA722D20081FDC2 /* todoTests.swift */,
			);
			path = UtilityTests;
			sourceTree = "<group>";
		};
		A6B1C7612CA74A9F0081FDC2 /* Services */ = {
			isa = PBXGroup;
			children = (
				A6B1C7622CA74AA30081FDC2 /* StateService */,
			);
			path = Services;
			sourceTree = "<group>";
		};
		A6B1C7622CA74AA30081FDC2 /* StateService */ = {
			isa = PBXGroup;
			children = (
				A6B1C7632CA74AAE0081FDC2 /* TodoListState.swift */,
			);
			path = StateService;
			sourceTree = "<group>";
		};
		A6B1C7672CA74CF10081FDC2 /* Mocks */ = {
			isa = PBXGroup;
			children = (
				A6B1C7682CA74CF60081FDC2 /* MockState */,
			);
			path = Mocks;
			sourceTree = "<group>";
		};
		A6B1C7682CA74CF60081FDC2 /* MockState */ = {
			isa = PBXGroup;
			children = (
				A6B1C7692CA74D060081FDC2 /* MockTodoListState.swift */,
			);
			path = MockState;
			sourceTree = "<group>";
		};
/* End PBXGroup section */

/* Begin PBXNativeTarget section */
		A6B1C7182CA722D10081FDC2 /* todo */ = {
			isa = PBXNativeTarget;
			buildConfigurationList = A6B1C7462CA722D20081FDC2 /* Build configuration list for PBXNativeTarget "todo" */;
			buildPhases = (
				A6B1C7152CA722D10081FDC2 /* Sources */,
				A6B1C7162CA722D10081FDC2 /* Frameworks */,
				A6B1C7172CA722D10081FDC2 /* Resources */,
			);
			buildRules = (
			);
			dependencies = (
			);
			name = todo;
			packageProductDependencies = (
				A6B1C7502CA726880081FDC2 /* Moya */,
				A69AB27A2CA758C000FBB803 /* SnapKit */,
			);
			productName = todo;
			productReference = A6B1C7192CA722D10081FDC2 /* todo.app */;
			productType = "com.apple.product-type.application";
		};
		A6B1C7312CA722D20081FDC2 /* todoTests */ = {
			isa = PBXNativeTarget;
			buildConfigurationList = A6B1C7492CA722D20081FDC2 /* Build configuration list for PBXNativeTarget "todoTests" */;
			buildPhases = (
				A6B1C72E2CA722D20081FDC2 /* Sources */,
				A6B1C72F2CA722D20081FDC2 /* Frameworks */,
				A6B1C7302CA722D20081FDC2 /* Resources */,
			);
			buildRules = (
			);
			dependencies = (
				A6B1C7342CA722D20081FDC2 /* PBXTargetDependency */,
			);
			name = todoTests;
			productName = todoTests;
			productReference = A6B1C7322CA722D20081FDC2 /* todoTests.xctest */;
			productType = "com.apple.product-type.bundle.unit-test";
		};
		A6B1C73B2CA722D20081FDC2 /* todoUITests */ = {
			isa = PBXNativeTarget;
			buildConfigurationList = A6B1C74C2CA722D20081FDC2 /* Build configuration list for PBXNativeTarget "todoUITests" */;
			buildPhases = (
				A6B1C7382CA722D20081FDC2 /* Sources */,
				A6B1C7392CA722D20081FDC2 /* Frameworks */,
				A6B1C73A2CA722D20081FDC2 /* Resources */,
			);
			buildRules = (
			);
			dependencies = (
				A6B1C73E2CA722D20081FDC2 /* PBXTargetDependency */,
			);
			name = todoUITests;
			productName = todoUITests;
			productReference = A6B1C73C2CA722D20081FDC2 /* todoUITests.xctest */;
			productType = "com.apple.product-type.bundle.ui-testing";
		};
/* End PBXNativeTarget section */

/* Begin PBXProject section */
		A6B1C7112CA722D10081FDC2 /* Project object */ = {
			isa = PBXProject;
			attributes = {
				BuildIndependentTargetsInParallel = 1;
				LastSwiftUpdateCheck = 1500;
				LastUpgradeCheck = 1500;
				TargetAttributes = {
					A6B1C7182CA722D10081FDC2 = {
						CreatedOnToolsVersion = 15.0.1;
					};
					A6B1C7312CA722D20081FDC2 = {
						CreatedOnToolsVersion = 15.0.1;
						TestTargetID = A6B1C7182CA722D10081FDC2;
					};
					A6B1C73B2CA722D20081FDC2 = {
						CreatedOnToolsVersion = 15.0.1;
						TestTargetID = A6B1C7182CA722D10081FDC2;
					};
				};
			};
			buildConfigurationList = A6B1C7142CA722D10081FDC2 /* Build configuration list for PBXProject "todo" */;
			compatibilityVersion = "Xcode 14.0";
			developmentRegion = en;
			hasScannedForEncodings = 0;
			knownRegions = (
				en,
				Base,
			);
			mainGroup = A6B1C7102CA722D10081FDC2;
			packageReferences = (
				A6B1C74F2CA726880081FDC2 /* XCRemoteSwiftPackageReference "Moya" */,
				A6B1C76E2CA753360081FDC2 /* XCRemoteSwiftPackageReference "SnapKit" */,
			);
			productRefGroup = A6B1C71A2CA722D10081FDC2 /* Products */;
			projectDirPath = "";
			projectRoot = "";
			targets = (
				A6B1C7182CA722D10081FDC2 /* todo */,
				A6B1C7312CA722D20081FDC2 /* todoTests */,
				A6B1C73B2CA722D20081FDC2 /* todoUITests */,
			);
		};
/* End PBXProject section */

/* Begin PBXResourcesBuildPhase section */
		A6B1C7172CA722D10081FDC2 /* Resources */ = {
			isa = PBXResourcesBuildPhase;
			buildActionMask = 2147483647;
			files = (
				A6B1C72C2CA722D20081FDC2 /* LaunchScreen.storyboard in Resources */,
				A6B1C7292CA722D20081FDC2 /* Assets.xcassets in Resources */,
			);
			runOnlyForDeploymentPostprocessing = 0;
		};
		A6B1C7302CA722D20081FDC2 /* Resources */ = {
			isa = PBXResourcesBuildPhase;
			buildActionMask = 2147483647;
			files = (
			);
			runOnlyForDeploymentPostprocessing = 0;
		};
		A6B1C73A2CA722D20081FDC2 /* Resources */ = {
			isa = PBXResourcesBuildPhase;
			buildActionMask = 2147483647;
			files = (
			);
			runOnlyForDeploymentPostprocessing = 0;
		};
/* End PBXResourcesBuildPhase section */

/* Begin PBXSourcesBuildPhase section */
		A6B1C7152CA722D10081FDC2 /* Sources */ = {
			isa = PBXSourcesBuildPhase;
			buildActionMask = 2147483647;
			files = (
				A6B1C7212CA722D10081FDC2 /* TodoListViewController.swift in Sources */,
				A6B1C7642CA74AAE0081FDC2 /* TodoListState.swift in Sources */,
				A6B1C71D2CA722D10081FDC2 /* AppDelegate.swift in Sources */,
				A6B1C7662CA74C900081FDC2 /* ProtocolDefinitions.swift in Sources */,
				A6B1C7562CA727570081FDC2 /* APIProvider.swift in Sources */,
				A6B1C7602CA743AA0081FDC2 /* ResponseBody.swift in Sources */,
				A6B1C71F2CA722D10081FDC2 /* SceneDelegate.swift in Sources */,
				A6B1C75A2CA741470081FDC2 /* TodoListViewModel.swift in Sources */,
				A6B1C7272CA722D10081FDC2 /* todo.xcdatamodeld in Sources */,
			);
			runOnlyForDeploymentPostprocessing = 0;
		};
		A6B1C72E2CA722D20081FDC2 /* Sources */ = {
			isa = PBXSourcesBuildPhase;
			buildActionMask = 2147483647;
			files = (
				A6B1C76A2CA74D060081FDC2 /* MockTodoListState.swift in Sources */,
				A6B1C75E2CA741960081FDC2 /* todoListViewModelTests.swift in Sources */,
				A6B1C7372CA722D20081FDC2 /* todoTests.swift in Sources */,
			);
			runOnlyForDeploymentPostprocessing = 0;
		};
		A6B1C7382CA722D20081FDC2 /* Sources */ = {
			isa = PBXSourcesBuildPhase;
			buildActionMask = 2147483647;
			files = (
				A6B1C7432CA722D20081FDC2 /* todoUITestsLaunchTests.swift in Sources */,
				A6B1C7412CA722D20081FDC2 /* todoUITests.swift in Sources */,
			);
			runOnlyForDeploymentPostprocessing = 0;
		};
/* End PBXSourcesBuildPhase section */

/* Begin PBXTargetDependency section */
		A6B1C7342CA722D20081FDC2 /* PBXTargetDependency */ = {
			isa = PBXTargetDependency;
			target = A6B1C7182CA722D10081FDC2 /* todo */;
			targetProxy = A6B1C7332CA722D20081FDC2 /* PBXContainerItemProxy */;
		};
		A6B1C73E2CA722D20081FDC2 /* PBXTargetDependency */ = {
			isa = PBXTargetDependency;
			target = A6B1C7182CA722D10081FDC2 /* todo */;
			targetProxy = A6B1C73D2CA722D20081FDC2 /* PBXContainerItemProxy */;
		};
/* End PBXTargetDependency section */

/* Begin PBXVariantGroup section */
		A6B1C72A2CA722D20081FDC2 /* LaunchScreen.storyboard */ = {
			isa = PBXVariantGroup;
			children = (
				A6B1C72B2CA722D20081FDC2 /* Base */,
			);
			name = LaunchScreen.storyboard;
			sourceTree = "<group>";
		};
/* End PBXVariantGroup section */

/* Begin XCBuildConfiguration section */
		A6B1C7442CA722D20081FDC2 /* Debug */ = {
			isa = XCBuildConfiguration;
			buildSettings = {
				ALWAYS_SEARCH_USER_PATHS = NO;
				ASSETCATALOG_COMPILER_GENERATE_SWIFT_ASSET_SYMBOL_EXTENSIONS = YES;
				CLANG_ANALYZER_NONNULL = YES;
				CLANG_ANALYZER_NUMBER_OBJECT_CONVERSION = YES_AGGRESSIVE;
				CLANG_CXX_LANGUAGE_STANDARD = "gnu++20";
				CLANG_ENABLE_MODULES = YES;
				CLANG_ENABLE_OBJC_ARC = YES;
				CLANG_ENABLE_OBJC_WEAK = YES;
				CLANG_WARN_BLOCK_CAPTURE_AUTORELEASING = YES;
				CLANG_WARN_BOOL_CONVERSION = YES;
				CLANG_WARN_COMMA = YES;
				CLANG_WARN_CONSTANT_CONVERSION = YES;
				CLANG_WARN_DEPRECATED_OBJC_IMPLEMENTATIONS = YES;
				CLANG_WARN_DIRECT_OBJC_ISA_USAGE = YES_ERROR;
				CLANG_WARN_DOCUMENTATION_COMMENTS = YES;
				CLANG_WARN_EMPTY_BODY = YES;
				CLANG_WARN_ENUM_CONVERSION = YES;
				CLANG_WARN_INFINITE_RECURSION = YES;
				CLANG_WARN_INT_CONVERSION = YES;
				CLANG_WARN_NON_LITERAL_NULL_CONVERSION = YES;
				CLANG_WARN_OBJC_IMPLICIT_RETAIN_SELF = YES;
				CLANG_WARN_OBJC_LITERAL_CONVERSION = YES;
				CLANG_WARN_OBJC_ROOT_CLASS = YES_ERROR;
				CLANG_WARN_QUOTED_INCLUDE_IN_FRAMEWORK_HEADER = YES;
				CLANG_WARN_RANGE_LOOP_ANALYSIS = YES;
				CLANG_WARN_STRICT_PROTOTYPES = YES;
				CLANG_WARN_SUSPICIOUS_MOVE = YES;
				CLANG_WARN_UNGUARDED_AVAILABILITY = YES_AGGRESSIVE;
				CLANG_WARN_UNREACHABLE_CODE = YES;
				CLANG_WARN__DUPLICATE_METHOD_MATCH = YES;
				COPY_PHASE_STRIP = NO;
				DEBUG_INFORMATION_FORMAT = dwarf;
				ENABLE_STRICT_OBJC_MSGSEND = YES;
				ENABLE_TESTABILITY = YES;
				ENABLE_USER_SCRIPT_SANDBOXING = YES;
				GCC_C_LANGUAGE_STANDARD = gnu17;
				GCC_DYNAMIC_NO_PIC = NO;
				GCC_NO_COMMON_BLOCKS = YES;
				GCC_OPTIMIZATION_LEVEL = 0;
				GCC_PREPROCESSOR_DEFINITIONS = (
					"DEBUG=1",
					"$(inherited)",
				);
				GCC_WARN_64_TO_32_BIT_CONVERSION = YES;
				GCC_WARN_ABOUT_RETURN_TYPE = YES_ERROR;
				GCC_WARN_UNDECLARED_SELECTOR = YES;
				GCC_WARN_UNINITIALIZED_AUTOS = YES_AGGRESSIVE;
				GCC_WARN_UNUSED_FUNCTION = YES;
				GCC_WARN_UNUSED_VARIABLE = YES;
				IPHONEOS_DEPLOYMENT_TARGET = 17.0;
				LOCALIZATION_PREFERS_STRING_CATALOGS = YES;
				MTL_ENABLE_DEBUG_INFO = INCLUDE_SOURCE;
				MTL_FAST_MATH = YES;
				ONLY_ACTIVE_ARCH = YES;
				SDKROOT = iphoneos;
				SWIFT_ACTIVE_COMPILATION_CONDITIONS = "DEBUG $(inherited)";
				SWIFT_OPTIMIZATION_LEVEL = "-Onone";
			};
			name = Debug;
		};
		A6B1C7452CA722D20081FDC2 /* Release */ = {
			isa = XCBuildConfiguration;
			buildSettings = {
				ALWAYS_SEARCH_USER_PATHS = NO;
				ASSETCATALOG_COMPILER_GENERATE_SWIFT_ASSET_SYMBOL_EXTENSIONS = YES;
				CLANG_ANALYZER_NONNULL = YES;
				CLANG_ANALYZER_NUMBER_OBJECT_CONVERSION = YES_AGGRESSIVE;
				CLANG_CXX_LANGUAGE_STANDARD = "gnu++20";
				CLANG_ENABLE_MODULES = YES;
				CLANG_ENABLE_OBJC_ARC = YES;
				CLANG_ENABLE_OBJC_WEAK = YES;
				CLANG_WARN_BLOCK_CAPTURE_AUTORELEASING = YES;
				CLANG_WARN_BOOL_CONVERSION = YES;
				CLANG_WARN_COMMA = YES;
				CLANG_WARN_CONSTANT_CONVERSION = YES;
				CLANG_WARN_DEPRECATED_OBJC_IMPLEMENTATIONS = YES;
				CLANG_WARN_DIRECT_OBJC_ISA_USAGE = YES_ERROR;
				CLANG_WARN_DOCUMENTATION_COMMENTS = YES;
				CLANG_WARN_EMPTY_BODY = YES;
				CLANG_WARN_ENUM_CONVERSION = YES;
				CLANG_WARN_INFINITE_RECURSION = YES;
				CLANG_WARN_INT_CONVERSION = YES;
				CLANG_WARN_NON_LITERAL_NULL_CONVERSION = YES;
				CLANG_WARN_OBJC_IMPLICIT_RETAIN_SELF = YES;
				CLANG_WARN_OBJC_LITERAL_CONVERSION = YES;
				CLANG_WARN_OBJC_ROOT_CLASS = YES_ERROR;
				CLANG_WARN_QUOTED_INCLUDE_IN_FRAMEWORK_HEADER = YES;
				CLANG_WARN_RANGE_LOOP_ANALYSIS = YES;
				CLANG_WARN_STRICT_PROTOTYPES = YES;
				CLANG_WARN_SUSPICIOUS_MOVE = YES;
				CLANG_WARN_UNGUARDED_AVAILABILITY = YES_AGGRESSIVE;
				CLANG_WARN_UNREACHABLE_CODE = YES;
				CLANG_WARN__DUPLICATE_METHOD_MATCH = YES;
				COPY_PHASE_STRIP = NO;
				DEBUG_INFORMATION_FORMAT = "dwarf-with-dsym";
				ENABLE_NS_ASSERTIONS = NO;
				ENABLE_STRICT_OBJC_MSGSEND = YES;
				ENABLE_USER_SCRIPT_SANDBOXING = YES;
				GCC_C_LANGUAGE_STANDARD = gnu17;
				GCC_NO_COMMON_BLOCKS = YES;
				GCC_WARN_64_TO_32_BIT_CONVERSION = YES;
				GCC_WARN_ABOUT_RETURN_TYPE = YES_ERROR;
				GCC_WARN_UNDECLARED_SELECTOR = YES;
				GCC_WARN_UNINITIALIZED_AUTOS = YES_AGGRESSIVE;
				GCC_WARN_UNUSED_FUNCTION = YES;
				GCC_WARN_UNUSED_VARIABLE = YES;
				IPHONEOS_DEPLOYMENT_TARGET = 17.0;
				LOCALIZATION_PREFERS_STRING_CATALOGS = YES;
				MTL_ENABLE_DEBUG_INFO = NO;
				MTL_FAST_MATH = YES;
				SDKROOT = iphoneos;
				SWIFT_COMPILATION_MODE = wholemodule;
				VALIDATE_PRODUCT = YES;
			};
			name = Release;
		};
		A6B1C7472CA722D20081FDC2 /* Debug */ = {
			isa = XCBuildConfiguration;
			buildSettings = {
				ASSETCATALOG_COMPILER_APPICON_NAME = AppIcon;
				ASSETCATALOG_COMPILER_GLOBAL_ACCENT_COLOR_NAME = AccentColor;
				CODE_SIGN_STYLE = Automatic;
				CURRENT_PROJECT_VERSION = 1;
				DEVELOPMENT_TEAM = G6SE7832JT;
				GENERATE_INFOPLIST_FILE = YES;
				INFOPLIST_FILE = todo/Info.plist;
				INFOPLIST_KEY_UIApplicationSupportsIndirectInputEvents = YES;
				INFOPLIST_KEY_UILaunchStoryboardName = LaunchScreen;
				INFOPLIST_KEY_UISupportedInterfaceOrientations_iPad = "UIInterfaceOrientationPortrait UIInterfaceOrientationPortraitUpsideDown UIInterfaceOrientationLandscapeLeft UIInterfaceOrientationLandscapeRight";
				INFOPLIST_KEY_UISupportedInterfaceOrientations_iPhone = "UIInterfaceOrientationPortrait UIInterfaceOrientationLandscapeLeft UIInterfaceOrientationLandscapeRight";
				LD_RUNPATH_SEARCH_PATHS = (
					"$(inherited)",
					"@executable_path/Frameworks",
				);
				MARKETING_VERSION = 1.0;
				PRODUCT_BUNDLE_IDENTIFIER = com.nick.todo;
				PRODUCT_NAME = "$(TARGET_NAME)";
				SWIFT_EMIT_LOC_STRINGS = YES;
				SWIFT_VERSION = 5.0;
				TARGETED_DEVICE_FAMILY = "1,2";
			};
			name = Debug;
		};
		A6B1C7482CA722D20081FDC2 /* Release */ = {
			isa = XCBuildConfiguration;
			buildSettings = {
				ASSETCATALOG_COMPILER_APPICON_NAME = AppIcon;
				ASSETCATALOG_COMPILER_GLOBAL_ACCENT_COLOR_NAME = AccentColor;
				CODE_SIGN_STYLE = Automatic;
				CURRENT_PROJECT_VERSION = 1;
				DEVELOPMENT_TEAM = G6SE7832JT;
				GENERATE_INFOPLIST_FILE = YES;
				INFOPLIST_FILE = todo/Info.plist;
				INFOPLIST_KEY_UIApplicationSupportsIndirectInputEvents = YES;
				INFOPLIST_KEY_UILaunchStoryboardName = LaunchScreen;
				INFOPLIST_KEY_UISupportedInterfaceOrientations_iPad = "UIInterfaceOrientationPortrait UIInterfaceOrientationPortraitUpsideDown UIInterfaceOrientationLandscapeLeft UIInterfaceOrientationLandscapeRight";
				INFOPLIST_KEY_UISupportedInterfaceOrientations_iPhone = "UIInterfaceOrientationPortrait UIInterfaceOrientationLandscapeLeft UIInterfaceOrientationLandscapeRight";
				LD_RUNPATH_SEARCH_PATHS = (
					"$(inherited)",
					"@executable_path/Frameworks",
				);
				MARKETING_VERSION = 1.0;
				PRODUCT_BUNDLE_IDENTIFIER = com.nick.todo;
				PRODUCT_NAME = "$(TARGET_NAME)";
				SWIFT_EMIT_LOC_STRINGS = YES;
				SWIFT_VERSION = 5.0;
				TARGETED_DEVICE_FAMILY = "1,2";
			};
			name = Release;
		};
		A6B1C74A2CA722D20081FDC2 /* Debug */ = {
			isa = XCBuildConfiguration;
			buildSettings = {
				ALWAYS_EMBED_SWIFT_STANDARD_LIBRARIES = YES;
				BUNDLE_LOADER = "$(TEST_HOST)";
				CODE_SIGN_STYLE = Automatic;
				CURRENT_PROJECT_VERSION = 1;
				DEVELOPMENT_TEAM = G6SE7832JT;
				GENERATE_INFOPLIST_FILE = YES;
				IPHONEOS_DEPLOYMENT_TARGET = 17.0;
				MARKETING_VERSION = 1.0;
				PRODUCT_BUNDLE_IDENTIFIER = com.nick.todoTests;
				PRODUCT_NAME = "$(TARGET_NAME)";
				SWIFT_EMIT_LOC_STRINGS = NO;
				SWIFT_VERSION = 5.0;
				TARGETED_DEVICE_FAMILY = "1,2";
				TEST_HOST = "$(BUILT_PRODUCTS_DIR)/todo.app/$(BUNDLE_EXECUTABLE_FOLDER_PATH)/todo";
			};
			name = Debug;
		};
		A6B1C74B2CA722D20081FDC2 /* Release */ = {
			isa = XCBuildConfiguration;
			buildSettings = {
				ALWAYS_EMBED_SWIFT_STANDARD_LIBRARIES = YES;
				BUNDLE_LOADER = "$(TEST_HOST)";
				CODE_SIGN_STYLE = Automatic;
				CURRENT_PROJECT_VERSION = 1;
				DEVELOPMENT_TEAM = G6SE7832JT;
				GENERATE_INFOPLIST_FILE = YES;
				IPHONEOS_DEPLOYMENT_TARGET = 17.0;
				MARKETING_VERSION = 1.0;
				PRODUCT_BUNDLE_IDENTIFIER = com.nick.todoTests;
				PRODUCT_NAME = "$(TARGET_NAME)";
				SWIFT_EMIT_LOC_STRINGS = NO;
				SWIFT_VERSION = 5.0;
				TARGETED_DEVICE_FAMILY = "1,2";
				TEST_HOST = "$(BUILT_PRODUCTS_DIR)/todo.app/$(BUNDLE_EXECUTABLE_FOLDER_PATH)/todo";
			};
			name = Release;
		};
		A6B1C74D2CA722D20081FDC2 /* Debug */ = {
			isa = XCBuildConfiguration;
			buildSettings = {
				ALWAYS_EMBED_SWIFT_STANDARD_LIBRARIES = YES;
				CODE_SIGN_STYLE = Automatic;
				CURRENT_PROJECT_VERSION = 1;
				DEVELOPMENT_TEAM = G6SE7832JT;
				GENERATE_INFOPLIST_FILE = YES;
				MARKETING_VERSION = 1.0;
				PRODUCT_BUNDLE_IDENTIFIER = com.nick.todoUITests;
				PRODUCT_NAME = "$(TARGET_NAME)";
				SWIFT_EMIT_LOC_STRINGS = NO;
				SWIFT_VERSION = 5.0;
				TARGETED_DEVICE_FAMILY = "1,2";
				TEST_TARGET_NAME = todo;
			};
			name = Debug;
		};
		A6B1C74E2CA722D20081FDC2 /* Release */ = {
			isa = XCBuildConfiguration;
			buildSettings = {
				ALWAYS_EMBED_SWIFT_STANDARD_LIBRARIES = YES;
				CODE_SIGN_STYLE = Automatic;
				CURRENT_PROJECT_VERSION = 1;
				DEVELOPMENT_TEAM = G6SE7832JT;
				GENERATE_INFOPLIST_FILE = YES;
				MARKETING_VERSION = 1.0;
				PRODUCT_BUNDLE_IDENTIFIER = com.nick.todoUITests;
				PRODUCT_NAME = "$(TARGET_NAME)";
				SWIFT_EMIT_LOC_STRINGS = NO;
				SWIFT_VERSION = 5.0;
				TARGETED_DEVICE_FAMILY = "1,2";
				TEST_TARGET_NAME = todo;
			};
			name = Release;
		};
/* End XCBuildConfiguration section */

/* Begin XCConfigurationList section */
		A6B1C7142CA722D10081FDC2 /* Build configuration list for PBXProject "todo" */ = {
			isa = XCConfigurationList;
			buildConfigurations = (
				A6B1C7442CA722D20081FDC2 /* Debug */,
				A6B1C7452CA722D20081FDC2 /* Release */,
			);
			defaultConfigurationIsVisible = 0;
			defaultConfigurationName = Release;
		};
		A6B1C7462CA722D20081FDC2 /* Build configuration list for PBXNativeTarget "todo" */ = {
			isa = XCConfigurationList;
			buildConfigurations = (
				A6B1C7472CA722D20081FDC2 /* Debug */,
				A6B1C7482CA722D20081FDC2 /* Release */,
			);
			defaultConfigurationIsVisible = 0;
			defaultConfigurationName = Release;
		};
		A6B1C7492CA722D20081FDC2 /* Build configuration list for PBXNativeTarget "todoTests" */ = {
			isa = XCConfigurationList;
			buildConfigurations = (
				A6B1C74A2CA722D20081FDC2 /* Debug */,
				A6B1C74B2CA722D20081FDC2 /* Release */,
			);
			defaultConfigurationIsVisible = 0;
			defaultConfigurationName = Release;
		};
		A6B1C74C2CA722D20081FDC2 /* Build configuration list for PBXNativeTarget "todoUITests" */ = {
			isa = XCConfigurationList;
			buildConfigurations = (
				A6B1C74D2CA722D20081FDC2 /* Debug */,
				A6B1C74E2CA722D20081FDC2 /* Release */,
			);
			defaultConfigurationIsVisible = 0;
			defaultConfigurationName = Release;
		};
/* End XCConfigurationList section */

/* Begin XCRemoteSwiftPackageReference section */
		A6B1C74F2CA726880081FDC2 /* XCRemoteSwiftPackageReference "Moya" */ = {
			isa = XCRemoteSwiftPackageReference;
			repositoryURL = "https://github.com/Moya/Moya";
			requirement = {
				kind = upToNextMajorVersion;
				minimumVersion = 15.0.3;
			};
		};
		A6B1C76E2CA753360081FDC2 /* XCRemoteSwiftPackageReference "SnapKit" */ = {
			isa = XCRemoteSwiftPackageReference;
			repositoryURL = "https://github.com/SnapKit/SnapKit";
			requirement = {
				kind = upToNextMajorVersion;
				minimumVersion = 5.7.1;
			};
		};
/* End XCRemoteSwiftPackageReference section */

/* Begin XCSwiftPackageProductDependency section */
		A69AB27A2CA758C000FBB803 /* SnapKit */ = {
			isa = XCSwiftPackageProductDependency;
			package = A6B1C76E2CA753360081FDC2 /* XCRemoteSwiftPackageReference "SnapKit" */;
			productName = SnapKit;
		};
		A6B1C7502CA726880081FDC2 /* Moya */ = {
			isa = XCSwiftPackageProductDependency;
			package = A6B1C74F2CA726880081FDC2 /* XCRemoteSwiftPackageReference "Moya" */;
			productName = Moya;
		};
/* End XCSwiftPackageProductDependency section */

/* Begin XCVersionGroup section */
		A6B1C7252CA722D10081FDC2 /* todo.xcdatamodeld */ = {
			isa = XCVersionGroup;
			children = (
				A6B1C7262CA722D10081FDC2 /* todo.xcdatamodel */,
			);
			currentVersion = A6B1C7262CA722D10081FDC2 /* todo.xcdatamodel */;
			path = todo.xcdatamodeld;
			sourceTree = "<group>";
			versionGroupType = wrapper.xcdatamodel;
		};
/* End XCVersionGroup section */
	};
	rootObject = A6B1C7112CA722D10081FDC2 /* Project object */;
}
